lockfileVersion: '6.0'

dependencies:
  i18next:
    specifier: ^23.10.0
    version: 23.10.0

packages:

  /@babel/runtime@7.24.0:
    resolution: {integrity: sha512-Chk32uHMg6TnQdvw2e9IlqPpFX/6NLuK0Ys2PqLb7/gL5uFn9mXvK715FGLlOLQrcO4qIkNHkvPGktzzXexsFw==}
    engines: {node: '>=6.9.0'}
    dependencies:
      regenerator-runtime: 0.14.1
    dev: false

  /i18next@23.10.0:
    resolution: {integrity: sha512-/TgHOqsa7/9abUKJjdPeydoyDc0oTi/7u9F8lMSj6ufg4cbC1Oj3f/Jja7zj7WRIhEQKB7Q4eN6y68I9RDxxGQ==}
    dependencies:
      '@babel/runtime': 7.24.0
    dev: false

  /regenerator-runtime@0.14.1:
    resolution: {integrity: sha512-dYnhHh0nJoMfnkZs6GmmhFknAGRrLznOu5nc9ML+EJxGvrx6H7teuevqVqCuPcPK//3eDrrjQhehXVx9cnkGdw==}
    dev: false
